
Microsoft Visual Studio Solution File, Format Version 12.00
# Visual Studio Version 17
VisualStudioVersion = 17.3.32901.215
MinimumVisualStudioVersion = 10.0.40219.1
Project("{9A19103F-16F7-4668-BE54-9A1E7A4F7556}") = "PV179-RestaurantWeb", "PV179-RestaurantWeb\PV179-RestaurantWeb.csproj", "{E8202645-EAEC-4AC8-8B91-EF18BDB9B60C}"
EndProject
Project("{9A19103F-16F7-4668-BE54-9A1E7A4F7556}") = "RestaurantWebDAL", "RestaurantWebDAL\RestaurantWebDAL.csproj", "{863DF345-FACA-42B8-91FC-992E159D1AA9}"
EndProject
Project("{9A19103F-16F7-4668-BE54-9A1E7A4F7556}") = "RestaurantWebUtilities", "RestaurantWebUtilities\RestaurantWebUtilities.csproj", "{649111B6-6C7B-4FFC-A417-FD3BA95129AD}"
EndProject
Project("{9A19103F-16F7-4668-BE54-9A1E7A4F7556}") = "RestaurantWebInfrastructure", "RestaurantWebInfrastructure\RestaurantWebInfrastructure.csproj", "{387AC0AD-2621-4EEA-9185-E58D6EE5C2DB}"
EndProject
Project("{FAE04EC0-301F-11D3-BF4B-00C04F79EFBC}") = "RestaurantWebInfrastructure.EFCore.Test", "RestaurantWebInfrastructure.EFCore.Test\RestaurantWebInfrastructure.EFCore.Test.csproj", "{80414EF2-9C13-405B-8818-7AEB42665AFB}"
EndProject
Project("{FAE04EC0-301F-11D3-BF4B-00C04F79EFBC}") = "RestaurantWebInfrastructure.EFCore", "RestaurantWebInfrastructure.EFCore\RestaurantWebInfrastructure.EFCore.csproj", "{81B8C45B-2A6A-4C0C-8742-B267B4BA7875}"
EndProject
Project("{FAE04EC0-301F-11D3-BF4B-00C04F79EFBC}") = "RestaurantWebBL", "RestaurantWebBL\RestaurantWebBL.csproj", "{67C4F153-E054-44CC-A784-24D112B6B346}"
EndProject
Project("{FAE04EC0-301F-11D3-BF4B-00C04F79EFBC}") = "RestaurantWebBL.Test", "RestaurantWebBL.Test\RestaurantWebBL.Test.csproj", "{A8C2DDA2-0A39-4D72-A1E6-A3F84B460AAC}"
EndProject
Project("{FAE04EC0-301F-11D3-BF4B-00C04F79EFBC}") = "RestaurantWebDomain", "RestaurantWebDomain\RestaurantWebDomain.csproj", "{C3852923-E6B5-49A8-8E92-80064FD6CC29}"
EndProject
Global
	GlobalSection(SolutionConfigurationPlatforms) = preSolution
		Debug|Any CPU = Debug|Any CPU
		Release|Any CPU = Release|Any CPU
	EndGlobalSection
	GlobalSection(ProjectConfigurationPlatforms) = postSolution
		{E8202645-EAEC-4AC8-8B91-EF18BDB9B60C}.Debug|Any CPU.ActiveCfg = Debug|Any CPU
		{E8202645-EAEC-4AC8-8B91-EF18BDB9B60C}.Debug|Any CPU.Build.0 = Debug|Any CPU
		{E8202645-EAEC-4AC8-8B91-EF18BDB9B60C}.Release|Any CPU.ActiveCfg = Release|Any CPU
		{E8202645-EAEC-4AC8-8B91-EF18BDB9B60C}.Release|Any CPU.Build.0 = Release|Any CPU
		{863DF345-FACA-42B8-91FC-992E159D1AA9}.Debug|Any CPU.ActiveCfg = Debug|Any CPU
		{863DF345-FACA-42B8-91FC-992E159D1AA9}.Debug|Any CPU.Build.0 = Debug|Any CPU
		{863DF345-FACA-42B8-91FC-992E159D1AA9}.Release|Any CPU.ActiveCfg = Release|Any CPU
		{863DF345-FACA-42B8-91FC-992E159D1AA9}.Release|Any CPU.Build.0 = Release|Any CPU
		{649111B6-6C7B-4FFC-A417-FD3BA95129AD}.Debug|Any CPU.ActiveCfg = Debug|Any CPU
		{649111B6-6C7B-4FFC-A417-FD3BA95129AD}.Debug|Any CPU.Build.0 = Debug|Any CPU
		{649111B6-6C7B-4FFC-A417-FD3BA95129AD}.Release|Any CPU.ActiveCfg = Release|Any CPU
		{649111B6-6C7B-4FFC-A417-FD3BA95129AD}.Release|Any CPU.Build.0 = Release|Any CPU
		{387AC0AD-2621-4EEA-9185-E58D6EE5C2DB}.Debug|Any CPU.ActiveCfg = Debug|Any CPU
		{387AC0AD-2621-4EEA-9185-E58D6EE5C2DB}.Debug|Any CPU.Build.0 = Debug|Any CPU
		{387AC0AD-2621-4EEA-9185-E58D6EE5C2DB}.Release|Any CPU.ActiveCfg = Release|Any CPU
		{387AC0AD-2621-4EEA-9185-E58D6EE5C2DB}.Release|Any CPU.Build.0 = Release|Any CPU
		{80414EF2-9C13-405B-8818-7AEB42665AFB}.Debug|Any CPU.ActiveCfg = Debug|Any CPU
		{80414EF2-9C13-405B-8818-7AEB42665AFB}.Debug|Any CPU.Build.0 = Debug|Any CPU
		{80414EF2-9C13-405B-8818-7AEB42665AFB}.Release|Any CPU.ActiveCfg = Release|Any CPU
		{80414EF2-9C13-405B-8818-7AEB42665AFB}.Release|Any CPU.Build.0 = Release|Any CPU
		{81B8C45B-2A6A-4C0C-8742-B267B4BA7875}.Debug|Any CPU.ActiveCfg = Debug|Any CPU
		{81B8C45B-2A6A-4C0C-8742-B267B4BA7875}.Debug|Any CPU.Build.0 = Debug|Any CPU
		{81B8C45B-2A6A-4C0C-8742-B267B4BA7875}.Release|Any CPU.ActiveCfg = Release|Any CPU
		{81B8C45B-2A6A-4C0C-8742-B267B4BA7875}.Release|Any CPU.Build.0 = Release|Any CPU
		{67C4F153-E054-44CC-A784-24D112B6B346}.Debug|Any CPU.ActiveCfg = Debug|Any CPU
		{67C4F153-E054-44CC-A784-24D112B6B346}.Debug|Any CPU.Build.0 = Debug|Any CPU
		{67C4F153-E054-44CC-A784-24D112B6B346}.Release|Any CPU.ActiveCfg = Release|Any CPU
		{67C4F153-E054-44CC-A784-24D112B6B346}.Release|Any CPU.Build.0 = Release|Any CPU
		{A8C2DDA2-0A39-4D72-A1E6-A3F84B460AAC}.Debug|Any CPU.ActiveCfg = Debug|Any CPU
		{A8C2DDA2-0A39-4D72-A1E6-A3F84B460AAC}.Debug|Any CPU.Build.0 = Debug|Any CPU
		{A8C2DDA2-0A39-4D72-A1E6-A3F84B460AAC}.Release|Any CPU.ActiveCfg = Release|Any CPU
		{A8C2DDA2-0A39-4D72-A1E6-A3F84B460AAC}.Release|Any CPU.Build.0 = Release|Any CPU
		{C3852923-E6B5-49A8-8E92-80064FD6CC29}.Debug|Any CPU.ActiveCfg = Debug|Any CPU
		{C3852923-E6B5-49A8-8E92-80064FD6CC29}.Debug|Any CPU.Build.0 = Debug|Any CPU
		{C3852923-E6B5-49A8-8E92-80064FD6CC29}.Release|Any CPU.ActiveCfg = Release|Any CPU
		{C3852923-E6B5-49A8-8E92-80064FD6CC29}.Release|Any CPU.Build.0 = Release|Any CPU
	EndGlobalSection
	GlobalSection(SolutionProperties) = preSolution
		HideSolutionNode = FALSE
	EndGlobalSection
	GlobalSection(ExtensibilityGlobals) = postSolution
		SolutionGuid = {4CD265C1-0E3E-4677-A435-F23BC1707851}
	EndGlobalSection
EndGlobal
